
Microsoft Visual Studio Solution File, Format Version 12.00
# Visual Studio 15
VisualStudioVersion = 15.0.28307.421
MinimumVisualStudioVersion = 10.0.40219.1
Project("{FAE04EC0-301F-11D3-BF4B-00C04F79EFBC}") = "UwpUnitTestApp", "UwpUnitTestApp\UwpUnitTestApp.csproj", "{536AE573-A27B-498E-B002-C71CE3AFB66C}"
EndProject
Global
	GlobalSection(SolutionConfigurationPlatforms) = preSolution
		Debug|ARM = Debug|ARM
		Debug|ARM64 = Debug|ARM64
		Debug|x64 = Debug|x64
		Debug|x86 = Debug|x86
		Release|ARM = Release|ARM
		Release|ARM64 = Release|ARM64
		Release|x64 = Release|x64
		Release|x86 = Release|x86
	EndGlobalSection
	GlobalSection(ProjectConfigurationPlatforms) = postSolution
		{536AE573-A27B-498E-B002-C71CE3AFB66C}.Debug|ARM.ActiveCfg = Debug|ARM
		{536AE573-A27B-498E-B002-C71CE3AFB66C}.Debug|ARM.Build.0 = Debug|ARM
		{536AE573-A27B-498E-B002-C71CE3AFB66C}.Debug|ARM.Deploy.0 = Debug|ARM
		{536AE573-A27B-498E-B002-C71CE3AFB66C}.Debug|ARM64.ActiveCfg = Debug|ARM64
		{536AE573-A27B-498E-B002-C71CE3AFB66C}.Debug|ARM64.Build.0 = Debug|ARM64
		{536AE573-A27B-498E-B002-C71CE3AFB66C}.Debug|ARM64.Deploy.0 = Debug|ARM64
		{536AE573-A27B-498E-B002-C71CE3AFB66C}.Debug|x64.ActiveCfg = Debug|x64
		{536AE573-A27B-498E-B002-C71CE3AFB66C}.Debug|x64.Build.0 = Debug|x64
		{536AE573-A27B-498E-B002-C71CE3AFB66C}.Debug|x64.Deploy.0 = Debug|x64
		{536AE573-A27B-498E-B002-C71CE3AFB66C}.Debug|x86.ActiveCfg = Debug|x86
		{536AE573-A27B-498E-B002-C71CE3AFB66C}.Debug|x86.Build.0 = Debug|x86
		{536AE573-A27B-498E-B002-C71CE3AFB66C}.Debug|x86.Deploy.0 = Debug|x86
		{536AE573-A27B-498E-B002-C71CE3AFB66C}.Release|ARM.ActiveCfg = Release|ARM
		{536AE573-A27B-498E-B002-C71CE3AFB66C}.Release|ARM.Build.0 = Release|ARM
		{536AE573-A27B-498E-B002-C71CE3AFB66C}.Release|ARM.Deploy.0 = Release|ARM
		{536AE573-A27B-498E-B002-C71CE3AFB66C}.Release|ARM64.ActiveCfg = Release|ARM64
		{536AE573-A27B-498E-B002-C71CE3AFB66C}.Release|ARM64.Build.0 = Release|ARM64
		{536AE573-A27B-498E-B002-C71CE3AFB66C}.Release|ARM64.Deploy.0 = Release|ARM64
		{536AE573-A27B-498E-B002-C71CE3AFB66C}.Release|x64.ActiveCfg = Release|x64
		{536AE573-A27B-498E-B002-C71CE3AFB66C}.Release|x64.Build.0 = Release|x64
		{536AE573-A27B-498E-B002-C71CE3AFB66C}.Release|x64.Deploy.0 = Release|x64
		{536AE573-A27B-498E-B002-C71CE3AFB66C}.Release|x86.ActiveCfg = Release|x86
		{536AE573-A27B-498E-B002-C71CE3AFB66C}.Release|x86.Build.0 = Release|x86
		{536AE573-A27B-498E-B002-C71CE3AFB66C}.Release|x86.Deploy.0 = Release|x86
	EndGlobalSection
	GlobalSection(SolutionProperties) = preSolution
		HideSolutionNode = FALSE
	EndGlobalSection
	GlobalSection(ExtensibilityGlobals) = postSolution
		SolutionGuid = {6AA55CC0-A549-4050-BB59-1318DC78E0CE}
	EndGlobalSection
EndGlobal
